
Microsoft Visual Studio Solution File, Format Version 12.00
# Visual Studio 2012
Project("{FAE04EC0-301F-11D3-BF4B-00C04F79EFBC}") = "ConsoleRDP", "ConsoleRDP\ConsoleRDP.csproj", "{C978B895-B7B8-4BF8-A95E-2C94FE3A768A}"
EndProject
Global
	GlobalSection(SolutionConfigurationPlatforms) = preSolution
		Debug|Any CPU = Debug|Any CPU
		Release|Any CPU = Release|Any CPU
	EndGlobalSection
	GlobalSection(ProjectConfigurationPlatforms) = postSolution
		{C978B895-B7B8-4BF8-A95E-2C94FE3A768A}.Debug|Any CPU.ActiveCfg = Debug|Any CPU
		{C978B895-B7B8-4BF8-A95E-2C94FE3A768A}.Debug|Any CPU.Build.0 = Debug|Any CPU
		{C978B895-B7B8-4BF8-A95E-2C94FE3A768A}.Release|Any CPU.ActiveCfg = Release|Any CPU
		{C978B895-B7B8-4BF8-A95E-2C94FE3A768A}.Release|Any CPU.Build.0 = Release|Any CPU
	EndGlobalSection
	GlobalSection(SolutionProperties) = preSolution
		HideSolutionNode = FALSE
	EndGlobalSection
EndGlobal
